
Microsoft Visual Studio Solution File, Format Version 12.00
# Visual Studio 15
VisualStudioVersion = 15.0.28307.1259
MinimumVisualStudioVersion = 10.0.40219.1
Project("{FAE04EC0-301F-11D3-BF4B-00C04F79EFBC}") = "Calculator_2", "Calculator_2\Calculator_2.csproj", "{CA7FC4E0-DCC8-4EF6-8BBA-3B8ED4DD409C}"
EndProject
Project("{FAE04EC0-301F-11D3-BF4B-00C04F79EFBC}") = "UnitTestProject1", "UnitTestProject1\UnitTestProject1.csproj", "{D5A258A0-7EB4-462F-BCCE-9FE1636BA869}"
EndProject
Global
	GlobalSection(SolutionConfigurationPlatforms) = preSolution
		Debug|Any CPU = Debug|Any CPU
		Release|Any CPU = Release|Any CPU
	EndGlobalSection
	GlobalSection(ProjectConfigurationPlatforms) = postSolution
		{CA7FC4E0-DCC8-4EF6-8BBA-3B8ED4DD409C}.Debug|Any CPU.ActiveCfg = Debug|Any CPU
		{CA7FC4E0-DCC8-4EF6-8BBA-3B8ED4DD409C}.Debug|Any CPU.Build.0 = Debug|Any CPU
		{CA7FC4E0-DCC8-4EF6-8BBA-3B8ED4DD409C}.Release|Any CPU.ActiveCfg = Release|Any CPU
		{CA7FC4E0-DCC8-4EF6-8BBA-3B8ED4DD409C}.Release|Any CPU.Build.0 = Release|Any CPU
		{D5A258A0-7EB4-462F-BCCE-9FE1636BA869}.Debug|Any CPU.ActiveCfg = Debug|Any CPU
		{D5A258A0-7EB4-462F-BCCE-9FE1636BA869}.Debug|Any CPU.Build.0 = Debug|Any CPU
		{D5A258A0-7EB4-462F-BCCE-9FE1636BA869}.Release|Any CPU.ActiveCfg = Release|Any CPU
		{D5A258A0-7EB4-462F-BCCE-9FE1636BA869}.Release|Any CPU.Build.0 = Release|Any CPU
	EndGlobalSection
	GlobalSection(SolutionProperties) = preSolution
		HideSolutionNode = FALSE
	EndGlobalSection
	GlobalSection(ExtensibilityGlobals) = postSolution
		SolutionGuid = {92861684-E6BB-4DA9-94BC-4EE835716E2A}
	EndGlobalSection
EndGlobal
